{
    "version": 3,
    "terraform_version": "0.11.7",
    "serial": 7,
    "lineage": "a9e3adfb-65a8-5c93-fdf8-e9df190e43b8",
    "modules": [
        {
            "path": [
                "root"
            ],
            "outputs": {},
            "resources": {
                "aws_subnet.subnet_member02": {
                    "type": "aws_subnet",
                    "depends_on": [
                        "aws_vpc.chef_sample"
                    ],
                    "primary": {
                        "id": "subnet-9ebdbeb6",
                        "attributes": {
                            "assign_ipv6_address_on_creation": "false",
                            "availability_zone": "ap-northeast-1d",
                            "cidr_block": "10.10.20.0/24",
                            "id": "subnet-9ebdbeb6",
                            "map_public_ip_on_launch": "false",
                            "tags.%": "1",
                            "tags.Name": "chef_sample-member02",
                            "vpc_id": "vpc-db234fbc"
                        },
                        "meta": {
                            "schema_version": "1"
                        },
                        "tainted": false
                    },
                    "deposed": [],
                    "provider": "provider.aws"
                },
                "aws_vpc.chef_sample": {
                    "type": "aws_vpc",
                    "depends_on": [],
                    "primary": {
                        "id": "vpc-db234fbc",
                        "attributes": {
                            "assign_generated_ipv6_cidr_block": "false",
                            "cidr_block": "10.10.0.0/16",
                            "default_network_acl_id": "acl-792a3c1e",
                            "default_route_table_id": "rtb-ce669ba8",
                            "default_security_group_id": "sg-c1c61db9",
                            "dhcp_options_id": "dopt-b630fede",
                            "enable_classiclink": "false",
                            "enable_classiclink_dns_support": "false",
                            "enable_dns_hostnames": "false",
                            "enable_dns_support": "true",
                            "id": "vpc-db234fbc",
                            "instance_tenancy": "default",
                            "main_route_table_id": "rtb-ce669ba8",
                            "tags.%": "1",
                            "tags.Name": "chef_sample"
                        },
                        "meta": {
                            "schema_version": "1"
                        },
                        "tainted": false
                    },
                    "deposed": [],
                    "provider": "provider.aws"
                }
            },
            "depends_on": []
        }
    ]
}
