{
    "version": 3,
    "terraform_version": "0.11.7",
    "serial": 39,
    "lineage": "f2d328b7-9981-e69c-b739-3ab5917bb130",
    "modules": [
        {
            "path": [
                "root"
            ],
            "outputs": {
                "configuration": {
                    "sensitive": false,
                    "type": "string",
                    "value": "\nsubnet: subnet-28467a61\n\n"
                }
            },
            "resources": {
                "aws_default_security_group.chef_sample": {
                    "type": "aws_default_security_group",
                    "depends_on": [
                        "aws_vpc.chef_sample"
                    ],
                    "primary": {
                        "id": "sg-8f40e6f7",
                        "attributes": {
                            "arn": "arn:aws:ec2:ap-northeast-1:772414330900:security-group/sg-8f40e6f7",
                            "egress.#": "1",
                            "egress.482069346.cidr_blocks.#": "1",
                            "egress.482069346.cidr_blocks.0": "0.0.0.0/0",
                            "egress.482069346.description": "",
                            "egress.482069346.from_port": "0",
                            "egress.482069346.ipv6_cidr_blocks.#": "0",
                            "egress.482069346.prefix_list_ids.#": "0",
                            "egress.482069346.protocol": "-1",
                            "egress.482069346.security_groups.#": "0",
                            "egress.482069346.self": "false",
                            "egress.482069346.to_port": "0",
                            "id": "sg-8f40e6f7",
                            "ingress.#": "3",
                            "ingress.2214680975.cidr_blocks.#": "1",
                            "ingress.2214680975.cidr_blocks.0": "0.0.0.0/0",
                            "ingress.2214680975.description": "",
                            "ingress.2214680975.from_port": "80",
                            "ingress.2214680975.ipv6_cidr_blocks.#": "0",
                            "ingress.2214680975.protocol": "tcp",
                            "ingress.2214680975.security_groups.#": "0",
                            "ingress.2214680975.self": "false",
                            "ingress.2214680975.to_port": "80",
                            "ingress.2541437006.cidr_blocks.#": "1",
                            "ingress.2541437006.cidr_blocks.0": "0.0.0.0/0",
                            "ingress.2541437006.description": "",
                            "ingress.2541437006.from_port": "22",
                            "ingress.2541437006.ipv6_cidr_blocks.#": "0",
                            "ingress.2541437006.protocol": "tcp",
                            "ingress.2541437006.security_groups.#": "0",
                            "ingress.2541437006.self": "false",
                            "ingress.2541437006.to_port": "22",
                            "ingress.482069346.cidr_blocks.#": "1",
                            "ingress.482069346.cidr_blocks.0": "0.0.0.0/0",
                            "ingress.482069346.description": "",
                            "ingress.482069346.from_port": "0",
                            "ingress.482069346.ipv6_cidr_blocks.#": "0",
                            "ingress.482069346.protocol": "-1",
                            "ingress.482069346.security_groups.#": "0",
                            "ingress.482069346.self": "false",
                            "ingress.482069346.to_port": "0",
                            "name": "default",
                            "owner_id": "772414330900",
                            "revoke_rules_on_delete": "false",
                            "tags.%": "1",
                            "tags.Name": "chef_sample_01",
                            "vpc_id": "vpc-d25d32b5"
                        },
                        "meta": {
                            "e2bfb730-ecaa-11e6-8f88-34363bc7c4c0": {
                                "create": 600000000000,
                                "delete": 600000000000
                            },
                            "schema_version": "1"
                        },
                        "tainted": false
                    },
                    "deposed": [],
                    "provider": "provider.aws"
                },
                "aws_instance.chef-node": {
                    "type": "aws_instance",
                    "depends_on": [
                        "aws_default_security_group.chef_sample",
                        "aws_subnet.chef_sample_subnet"
                    ],
                    "primary": {
                        "id": "i-00aa588e5bd64b66a",
                        "attributes": {
                            "ami": "ami-92df37ed",
                            "associate_public_ip_address": "true",
                            "availability_zone": "ap-northeast-1a",
                            "credit_specification.#": "1",
                            "credit_specification.0.cpu_credits": "standard",
                            "disable_api_termination": "false",
                            "ebs_block_device.#": "0",
                            "ebs_optimized": "false",
                            "ephemeral_block_device.#": "0",
                            "get_password_data": "false",
                            "iam_instance_profile": "",
                            "id": "i-00aa588e5bd64b66a",
                            "instance_state": "running",
                            "instance_type": "t2.micro",
                            "ipv6_addresses.#": "0",
                            "key_name": "chef_sample",
                            "monitoring": "false",
                            "network_interface.#": "0",
                            "network_interface_id": "eni-43ae5b72",
                            "password_data": "",
                            "placement_group": "",
                            "primary_network_interface_id": "eni-43ae5b72",
                            "private_dns": "ip-10-10-10-11.ap-northeast-1.compute.internal",
                            "private_ip": "10.10.10.11",
                            "public_dns": "ec2-13-114-86-147.ap-northeast-1.compute.amazonaws.com",
                            "public_ip": "13.114.86.147",
                            "root_block_device.#": "1",
                            "root_block_device.0.delete_on_termination": "true",
                            "root_block_device.0.iops": "100",
                            "root_block_device.0.volume_id": "vol-019ac895749b15a1d",
                            "root_block_device.0.volume_size": "8",
                            "root_block_device.0.volume_type": "gp2",
                            "security_groups.#": "0",
                            "source_dest_check": "true",
                            "subnet_id": "subnet-28467a61",
                            "tags.%": "0",
                            "tenancy": "default",
                            "volume_tags.%": "0",
                            "vpc_security_group_ids.#": "1",
                            "vpc_security_group_ids.1799537908": "sg-8f40e6f7"
                        },
                        "meta": {
                            "e2bfb730-ecaa-11e6-8f88-34363bc7c4c0": {
                                "create": 600000000000,
                                "delete": 1200000000000,
                                "update": 600000000000
                            },
                            "schema_version": "1"
                        },
                        "tainted": false
                    },
                    "deposed": [],
                    "provider": "provider.aws"
                },
                "aws_internet_gateway.chef_sample_public": {
                    "type": "aws_internet_gateway",
                    "depends_on": [
                        "aws_vpc.chef_sample"
                    ],
                    "primary": {
                        "id": "igw-3bf0b25f",
                        "attributes": {
                            "id": "igw-3bf0b25f",
                            "tags.%": "1",
                            "tags.Name": "chef_sample_01",
                            "vpc_id": "vpc-d25d32b5"
                        },
                        "meta": {},
                        "tainted": false
                    },
                    "deposed": [],
                    "provider": "provider.aws"
                },
                "aws_route_table.chef_sample_public": {
                    "type": "aws_route_table",
                    "depends_on": [
                        "aws_internet_gateway.chef_sample_public",
                        "aws_vpc.chef_sample"
                    ],
                    "primary": {
                        "id": "rtb-5a38c73c",
                        "attributes": {
                            "id": "rtb-5a38c73c",
                            "propagating_vgws.#": "0",
                            "route.#": "1",
                            "route.1016246427.cidr_block": "0.0.0.0/0",
                            "route.1016246427.egress_only_gateway_id": "",
                            "route.1016246427.gateway_id": "igw-3bf0b25f",
                            "route.1016246427.instance_id": "",
                            "route.1016246427.ipv6_cidr_block": "",
                            "route.1016246427.nat_gateway_id": "",
                            "route.1016246427.network_interface_id": "",
                            "route.1016246427.vpc_peering_connection_id": "",
                            "tags.%": "1",
                            "tags.Name": "chef_sample_01",
                            "vpc_id": "vpc-d25d32b5"
                        },
                        "meta": {},
                        "tainted": false
                    },
                    "deposed": [],
                    "provider": "provider.aws"
                },
                "aws_route_table_association.chef_sample_association": {
                    "type": "aws_route_table_association",
                    "depends_on": [
                        "aws_route_table.chef_sample_public",
                        "aws_subnet.chef_sample_subnet"
                    ],
                    "primary": {
                        "id": "rtbassoc-0221c97b",
                        "attributes": {
                            "id": "rtbassoc-0221c97b",
                            "route_table_id": "rtb-5a38c73c",
                            "subnet_id": "subnet-28467a61"
                        },
                        "meta": {},
                        "tainted": false
                    },
                    "deposed": [],
                    "provider": "provider.aws"
                },
                "aws_subnet.chef_sample_subnet": {
                    "type": "aws_subnet",
                    "depends_on": [
                        "aws_vpc.chef_sample"
                    ],
                    "primary": {
                        "id": "subnet-28467a61",
                        "attributes": {
                            "assign_ipv6_address_on_creation": "false",
                            "availability_zone": "ap-northeast-1a",
                            "cidr_block": "10.10.10.0/24",
                            "id": "subnet-28467a61",
                            "map_public_ip_on_launch": "true",
                            "tags.%": "1",
                            "tags.Name": "chef_sample_subnet.user01",
                            "vpc_id": "vpc-d25d32b5"
                        },
                        "meta": {
                            "schema_version": "1"
                        },
                        "tainted": false
                    },
                    "deposed": [],
                    "provider": "provider.aws"
                },
                "aws_vpc.chef_sample": {
                    "type": "aws_vpc",
                    "depends_on": [],
                    "primary": {
                        "id": "vpc-d25d32b5",
                        "attributes": {
                            "assign_generated_ipv6_cidr_block": "false",
                            "cidr_block": "10.10.0.0/16",
                            "default_network_acl_id": "acl-315a4a56",
                            "default_route_table_id": "rtb-233bc445",
                            "default_security_group_id": "sg-8f40e6f7",
                            "dhcp_options_id": "dopt-b630fede",
                            "enable_classiclink": "false",
                            "enable_classiclink_dns_support": "false",
                            "enable_dns_hostnames": "true",
                            "enable_dns_support": "true",
                            "id": "vpc-d25d32b5",
                            "instance_tenancy": "default",
                            "main_route_table_id": "rtb-233bc445",
                            "tags.%": "1",
                            "tags.Name": "chef_sample_01"
                        },
                        "meta": {
                            "schema_version": "1"
                        },
                        "tainted": false
                    },
                    "deposed": [],
                    "provider": "provider.aws"
                }
            },
            "depends_on": []
        }
    ]
}
